
Microsoft Visual Studio Solution File, Format Version 12.00
# Visual Studio Version 16
VisualStudioVersion = 16.0.30717.126
MinimumVisualStudioVersion = 10.0.40219.1
Project("{FAE04EC0-301F-11D3-BF4B-00C04F79EFBC}") = "EventHandling", "EventHandling\EventHandling.csproj", "{70A494D0-1E42-461F-A086-C78853F04BBB}"
EndProject
Project("{FAE04EC0-301F-11D3-BF4B-00C04F79EFBC}") = "ExceptionHandling", "ExceptionHandling\ExceptionHandling.csproj", "{1008F3C9-D03A-4591-8000-1404FD9008D0}"
EndProject
Global
	GlobalSection(SolutionConfigurationPlatforms) = preSolution
		Debug|Any CPU = Debug|Any CPU
		Release|Any CPU = Release|Any CPU
	EndGlobalSection
	GlobalSection(ProjectConfigurationPlatforms) = postSolution
		{70A494D0-1E42-461F-A086-C78853F04BBB}.Debug|Any CPU.ActiveCfg = Debug|Any CPU
		{70A494D0-1E42-461F-A086-C78853F04BBB}.Debug|Any CPU.Build.0 = Debug|Any CPU
		{70A494D0-1E42-461F-A086-C78853F04BBB}.Release|Any CPU.ActiveCfg = Release|Any CPU
		{70A494D0-1E42-461F-A086-C78853F04BBB}.Release|Any CPU.Build.0 = Release|Any CPU
		{1008F3C9-D03A-4591-8000-1404FD9008D0}.Debug|Any CPU.ActiveCfg = Debug|Any CPU
		{1008F3C9-D03A-4591-8000-1404FD9008D0}.Debug|Any CPU.Build.0 = Debug|Any CPU
		{1008F3C9-D03A-4591-8000-1404FD9008D0}.Release|Any CPU.ActiveCfg = Release|Any CPU
		{1008F3C9-D03A-4591-8000-1404FD9008D0}.Release|Any CPU.Build.0 = Release|Any CPU
	EndGlobalSection
	GlobalSection(SolutionProperties) = preSolution
		HideSolutionNode = FALSE
	EndGlobalSection
	GlobalSection(ExtensibilityGlobals) = postSolution
		SolutionGuid = {6B515DF9-7966-48CB-A7E8-505DA97DC3FA}
	EndGlobalSection
EndGlobal
