
Microsoft Visual Studio Solution File, Format Version 12.00
# Visual Studio Version 16
VisualStudioVersion = 16.0.30717.126
MinimumVisualStudioVersion = 10.0.40219.1
Project("{FAE04EC0-301F-11D3-BF4B-00C04F79EFBC}") = "DelegatesExample", "DelegatesExample\DelegatesExample.csproj", "{A76F78A1-6872-4F54-8EA1-63F16029D015}"
EndProject
Global
	GlobalSection(SolutionConfigurationPlatforms) = preSolution
		Debug|Any CPU = Debug|Any CPU
		Release|Any CPU = Release|Any CPU
	EndGlobalSection
	GlobalSection(ProjectConfigurationPlatforms) = postSolution
		{A76F78A1-6872-4F54-8EA1-63F16029D015}.Debug|Any CPU.ActiveCfg = Debug|Any CPU
		{A76F78A1-6872-4F54-8EA1-63F16029D015}.Debug|Any CPU.Build.0 = Debug|Any CPU
		{A76F78A1-6872-4F54-8EA1-63F16029D015}.Release|Any CPU.ActiveCfg = Release|Any CPU
		{A76F78A1-6872-4F54-8EA1-63F16029D015}.Release|Any CPU.Build.0 = Release|Any CPU
	EndGlobalSection
	GlobalSection(SolutionProperties) = preSolution
		HideSolutionNode = FALSE
	EndGlobalSection
	GlobalSection(ExtensibilityGlobals) = postSolution
		SolutionGuid = {5C33A43A-769A-4D66-881A-13B4BCF35268}
	EndGlobalSection
EndGlobal
